[[package]]
name = "alive-progress"
version = "1.6.2"
description = "A new kind of Progress Bar, with real-time throughput, eta and very cool animations!"
category = "main"
optional = false
python-versions = ">=2.7, <4"

[metadata]
lock-version = "1.1"
python-versions = "^3.8"
content-hash = "177e422028e06f198136d3776624d8b0c9eb569d97d7d574c83299ef1313ca52"

[metadata.files]
alive-progress = [
    {file = "alive-progress-1.6.2.tar.gz", hash = "sha256:642e1ce98becf226c8c36bf24e10221085998c5465a357a66fb83b7dc618b43e"},
    {file = "alive_progress-1.6.2-py3-none-any.whl", hash = "sha256:0f1111f56b1b870f5e5edd57e89fc97dc1ca0a73eb5c5a09533494c7e850a818"},
]
